
Microsoft Visual Studio Solution File, Format Version 12.00
# Visual Studio Version 17
VisualStudioVersion = 17.14.36401.2 d17.14
MinimumVisualStudioVersion = 10.0.40219.1
Project("{FAE04EC0-301F-11D3-BF4B-00C04F79EFBC}") = "TekusProvidersAPI", "TekusProvidersAPI\TekusProvidersAPI.csproj", "{8B1E83C0-3212-4C28-B014-269B5EA9A910}"
EndProject
Project("{FAE04EC0-301F-11D3-BF4B-00C04F79EFBC}") = "DomainLayer", "DomainLayer\DomainLayer.csproj", "{6459908E-DC83-428E-93EC-B6CB5C60E424}"
EndProject
Project("{FAE04EC0-301F-11D3-BF4B-00C04F79EFBC}") = "InfraLayer", "InfraLayer\InfraLayer.csproj", "{854E876D-0BC1-4091-8373-431D5B302327}"
EndProject
Global
	GlobalSection(SolutionConfigurationPlatforms) = preSolution
		Debug|Any CPU = Debug|Any CPU
		Release|Any CPU = Release|Any CPU
	EndGlobalSection
	GlobalSection(ProjectConfigurationPlatforms) = postSolution
		{8B1E83C0-3212-4C28-B014-269B5EA9A910}.Debug|Any CPU.ActiveCfg = Debug|Any CPU
		{8B1E83C0-3212-4C28-B014-269B5EA9A910}.Debug|Any CPU.Build.0 = Debug|Any CPU
		{8B1E83C0-3212-4C28-B014-269B5EA9A910}.Release|Any CPU.ActiveCfg = Release|Any CPU
		{8B1E83C0-3212-4C28-B014-269B5EA9A910}.Release|Any CPU.Build.0 = Release|Any CPU
		{6459908E-DC83-428E-93EC-B6CB5C60E424}.Debug|Any CPU.ActiveCfg = Debug|Any CPU
		{6459908E-DC83-428E-93EC-B6CB5C60E424}.Debug|Any CPU.Build.0 = Debug|Any CPU
		{6459908E-DC83-428E-93EC-B6CB5C60E424}.Release|Any CPU.ActiveCfg = Release|Any CPU
		{6459908E-DC83-428E-93EC-B6CB5C60E424}.Release|Any CPU.Build.0 = Release|Any CPU
		{854E876D-0BC1-4091-8373-431D5B302327}.Debug|Any CPU.ActiveCfg = Debug|Any CPU
		{854E876D-0BC1-4091-8373-431D5B302327}.Debug|Any CPU.Build.0 = Debug|Any CPU
		{854E876D-0BC1-4091-8373-431D5B302327}.Release|Any CPU.ActiveCfg = Release|Any CPU
		{854E876D-0BC1-4091-8373-431D5B302327}.Release|Any CPU.Build.0 = Release|Any CPU
	EndGlobalSection
	GlobalSection(SolutionProperties) = preSolution
		HideSolutionNode = FALSE
	EndGlobalSection
	GlobalSection(ExtensibilityGlobals) = postSolution
		SolutionGuid = {D510C8D3-4813-4235-A95E-118412E6E994}
	EndGlobalSection
EndGlobal
